
Microsoft Visual Studio Solution File, Format Version 12.00
# Visual Studio Version 16
VisualStudioVersion = 16.0.29215.179
MinimumVisualStudioVersion = 10.0.40219.1
Project("{9A19103F-16F7-4668-BE54-9A1E7A4F7556}") = "SummationOfBigNumbers", "WebApplication2\SummationOfBigNumbers.csproj", "{6BB3529D-155E-4FB7-AE0B-E77BA30D96FB}"
EndProject
Project("{FAE04EC0-301F-11D3-BF4B-00C04F79EFBC}") = "DataAccess", "DataAccess\DataAccess.csproj", "{59A534F2-B5F5-4EA9-A9F6-00F5096F37DA}"
EndProject
Project("{FAE04EC0-301F-11D3-BF4B-00C04F79EFBC}") = "Core", "Core\Core.csproj", "{D650AD51-3E71-4B87-94DE-B0FBC204AA84}"
EndProject
Project("{FAE04EC0-301F-11D3-BF4B-00C04F79EFBC}") = "Service", "Service\Service.csproj", "{2D7D73B4-9A19-48ED-8979-9477A260078B}"
EndProject
Global
	GlobalSection(SolutionConfigurationPlatforms) = preSolution
		Debug|Any CPU = Debug|Any CPU
		Release|Any CPU = Release|Any CPU
	EndGlobalSection
	GlobalSection(ProjectConfigurationPlatforms) = postSolution
		{6BB3529D-155E-4FB7-AE0B-E77BA30D96FB}.Debug|Any CPU.ActiveCfg = Debug|Any CPU
		{6BB3529D-155E-4FB7-AE0B-E77BA30D96FB}.Debug|Any CPU.Build.0 = Debug|Any CPU
		{6BB3529D-155E-4FB7-AE0B-E77BA30D96FB}.Release|Any CPU.ActiveCfg = Release|Any CPU
		{6BB3529D-155E-4FB7-AE0B-E77BA30D96FB}.Release|Any CPU.Build.0 = Release|Any CPU
		{59A534F2-B5F5-4EA9-A9F6-00F5096F37DA}.Debug|Any CPU.ActiveCfg = Debug|Any CPU
		{59A534F2-B5F5-4EA9-A9F6-00F5096F37DA}.Debug|Any CPU.Build.0 = Debug|Any CPU
		{59A534F2-B5F5-4EA9-A9F6-00F5096F37DA}.Release|Any CPU.ActiveCfg = Release|Any CPU
		{59A534F2-B5F5-4EA9-A9F6-00F5096F37DA}.Release|Any CPU.Build.0 = Release|Any CPU
		{D650AD51-3E71-4B87-94DE-B0FBC204AA84}.Debug|Any CPU.ActiveCfg = Debug|Any CPU
		{D650AD51-3E71-4B87-94DE-B0FBC204AA84}.Debug|Any CPU.Build.0 = Debug|Any CPU
		{D650AD51-3E71-4B87-94DE-B0FBC204AA84}.Release|Any CPU.ActiveCfg = Release|Any CPU
		{D650AD51-3E71-4B87-94DE-B0FBC204AA84}.Release|Any CPU.Build.0 = Release|Any CPU
		{2D7D73B4-9A19-48ED-8979-9477A260078B}.Debug|Any CPU.ActiveCfg = Debug|Any CPU
		{2D7D73B4-9A19-48ED-8979-9477A260078B}.Debug|Any CPU.Build.0 = Debug|Any CPU
		{2D7D73B4-9A19-48ED-8979-9477A260078B}.Release|Any CPU.ActiveCfg = Release|Any CPU
		{2D7D73B4-9A19-48ED-8979-9477A260078B}.Release|Any CPU.Build.0 = Release|Any CPU
	EndGlobalSection
	GlobalSection(SolutionProperties) = preSolution
		HideSolutionNode = FALSE
	EndGlobalSection
	GlobalSection(ExtensibilityGlobals) = postSolution
		SolutionGuid = {0B6959C8-0588-4720-ACAE-FCE2CDBB11F6}
	EndGlobalSection
EndGlobal
